
Microsoft Visual Studio Solution File, Format Version 12.00
# Visual Studio 15
VisualStudioVersion = 15.0.27703.2042
MinimumVisualStudioVersion = 10.0.40219.1
Project("{8BC9CEB8-8B4A-11D0-8D11-00A0C91BC942}") = "MathModule_v09", "MathModule_v09\MathModule_v09.vcxproj", "{914B5D35-0CE2-40FE-A91E-6E84CB210D48}"
EndProject
Global
	GlobalSection(SolutionConfigurationPlatforms) = preSolution
		Debug|Win32 = Debug|Win32
		Debug|x64 = Debug|x64
		Release|Win32 = Release|Win32
		Release|x64 = Release|x64
	EndGlobalSection
	GlobalSection(ProjectConfigurationPlatforms) = postSolution
		{914B5D35-0CE2-40FE-A91E-6E84CB210D48}.Debug|Win32.ActiveCfg = Debug|Win32
		{914B5D35-0CE2-40FE-A91E-6E84CB210D48}.Debug|Win32.Build.0 = Debug|Win32
		{914B5D35-0CE2-40FE-A91E-6E84CB210D48}.Debug|x64.ActiveCfg = Debug|x64
		{914B5D35-0CE2-40FE-A91E-6E84CB210D48}.Debug|x64.Build.0 = Debug|x64
		{914B5D35-0CE2-40FE-A91E-6E84CB210D48}.Release|Win32.ActiveCfg = Release|Win32
		{914B5D35-0CE2-40FE-A91E-6E84CB210D48}.Release|Win32.Build.0 = Release|Win32
		{914B5D35-0CE2-40FE-A91E-6E84CB210D48}.Release|x64.ActiveCfg = Release|x64
		{914B5D35-0CE2-40FE-A91E-6E84CB210D48}.Release|x64.Build.0 = Release|x64
	EndGlobalSection
	GlobalSection(SolutionProperties) = preSolution
		HideSolutionNode = FALSE
	EndGlobalSection
	GlobalSection(ExtensibilityGlobals) = postSolution
		SolutionGuid = {E08A85D1-9CEF-4003-B6CA-2B84F6852EA1}
	EndGlobalSection
EndGlobal
