<?xml version="1.0" encoding="utf-8"?>
<Project ToolsVersion="4.0" xmlns="http://schemas.microsoft.com/developer/msbuild/2003">
  <ItemGroup>
    <Filter Include="Source Files">
      <UniqueIdentifier>{4FC737F1-C7A5-4376-A066-2A32D752A2FF}</UniqueIdentifier>
      <Extensions>cpp;c;cc;cxx;def;odl;idl;hpj;bat;asm;asmx</Extensions>
    </Filter>
    <Filter Include="Header Files">
      <UniqueIdentifier>{93995380-89BD-4b04-88EB-625FBE52EBFB}</UniqueIdentifier>
      <Extensions>h;hh;hpp;hxx;hm;inl;inc;ipp;xsd</Extensions>
    </Filter>
    <Filter Include="Resource Files">
      <UniqueIdentifier>{67DA6AB6-F800-4c08-8B7A-83BB121AAD01}</UniqueIdentifier>
      <Extensions>rc;ico;cur;bmp;dlg;rc2;rct;bin;rgs;gif;jpg;jpeg;jpe;resx;tiff;tif;png;wav;mfcribbon-ms</Extensions>
    </Filter>
    <Filter Include="Header Files\Aircraftdynamics">
      <UniqueIdentifier>{9f37b97c-da00-4134-a6b3-4c8700f6258b}</UniqueIdentifier>
    </Filter>
    <Filter Include="Source Files\Aircraftdynamics">
      <UniqueIdentifier>{275b143e-0e86-400b-b8e1-d81b1a97109a}</UniqueIdentifier>
    </Filter>
  </ItemGroup>
  <ItemGroup>
    <ClInclude Include="pch.h">
      <Filter>Header Files</Filter>
    </ClInclude>
    <ClInclude Include="..\src\SolverCore\RungeKuttaFamily.h">
      <Filter>Header Files</Filter>
    </ClInclude>
    <ClInclude Include="..\src\SolverCore\SimController.h">
      <Filter>Header Files</Filter>
    </ClInclude>
    <ClInclude Include="..\src\SolverCore\Subsystem.h">
      <Filter>Header Files</Filter>
    </ClInclude>
    <ClInclude Include="..\src\SolverCore\TopologyAnalysis.h">
      <Filter>Header Files</Filter>
    </ClInclude>
    <ClInclude Include="..\src\Subsystems\AeroAngle.h">
      <Filter>Header Files</Filter>
    </ClInclude>
    <ClInclude Include="..\src\Subsystems\DiscontinuousSystem.h">
      <Filter>Header Files</Filter>
    </ClInclude>
    <ClInclude Include="..\src\Subsystems\ExternalModel.h">
      <Filter>Header Files</Filter>
    </ClInclude>
    <ClInclude Include="..\src\Subsystems\LinearSystem.h">
      <Filter>Header Files</Filter>
    </ClInclude>
    <ClInclude Include="..\src\Subsystems\MathBlocks.h">
      <Filter>Header Files</Filter>
    </ClInclude>
    <ClInclude Include="..\src\Subsystems\PropulsionBlocks.h">
      <Filter>Header Files</Filter>
    </ClInclude>
    <ClInclude Include="..\src\Subsystems\RigidBody.h">
      <Filter>Header Files</Filter>
    </ClInclude>
    <ClInclude Include="..\src\Subsystems\SignalGenerator.h">
      <Filter>Header Files</Filter>
    </ClInclude>
    <ClInclude Include="..\src\Subsystems\StandardAtmosphere.h">
      <Filter>Header Files</Filter>
    </ClInclude>
    <ClInclude Include="..\src\UtilityFunctions\UtilityFunctions.h">
      <Filter>Header Files</Filter>
    </ClInclude>
    <ClInclude Include="..\src\Subsystems\AeroForceMoment.h">
      <Filter>Header Files</Filter>
    </ClInclude>
    <ClInclude Include="..\src\Application\Aircraftmodel.h">
      <Filter>Header Files\Aircraftdynamics</Filter>
    </ClInclude>
    <ClInclude Include="..\src\Subsystems\GroundContact.h">
      <Filter>Header Files</Filter>
    </ClInclude>
  </ItemGroup>
  <ItemGroup>
    <ClCompile Include="pch.cpp">
      <Filter>Source Files</Filter>
    </ClCompile>
    <ClCompile Include="C172test.cpp">
      <Filter>Source Files</Filter>
    </ClCompile>
    <ClCompile Include="..\src\SolverCore\RungeKuttaFamily.cpp">
      <Filter>Source Files</Filter>
    </ClCompile>
    <ClCompile Include="..\src\SolverCore\SimController.cpp">
      <Filter>Source Files</Filter>
    </ClCompile>
    <ClCompile Include="..\src\SolverCore\Subsystem.cpp">
      <Filter>Source Files</Filter>
    </ClCompile>
    <ClCompile Include="..\src\SolverCore\TopologyAnalysis.cpp">
      <Filter>Source Files</Filter>
    </ClCompile>
    <ClCompile Include="..\src\Subsystems\AeroAngle.cpp">
      <Filter>Source Files</Filter>
    </ClCompile>
    <ClCompile Include="..\src\Subsystems\DiscontinuousSystem.cpp">
      <Filter>Source Files</Filter>
    </ClCompile>
    <ClCompile Include="..\src\Subsystems\ExternalModel.cpp">
      <Filter>Source Files</Filter>
    </ClCompile>
    <ClCompile Include="..\src\Subsystems\LinearSystem.cpp">
      <Filter>Source Files</Filter>
    </ClCompile>
    <ClCompile Include="..\src\Subsystems\MathBlocks.cpp">
      <Filter>Source Files</Filter>
    </ClCompile>
    <ClCompile Include="..\src\Subsystems\PropulsionBlocks.cpp">
      <Filter>Source Files</Filter>
    </ClCompile>
    <ClCompile Include="..\src\Subsystems\RigidBody.cpp">
      <Filter>Source Files</Filter>
    </ClCompile>
    <ClCompile Include="..\src\Subsystems\SignalGenerator.cpp">
      <Filter>Source Files</Filter>
    </ClCompile>
    <ClCompile Include="..\src\Subsystems\StandardAtmosphere.cpp">
      <Filter>Source Files</Filter>
    </ClCompile>
    <ClCompile Include="..\src\UtilityFunctions\UtilityFunctions.cpp">
      <Filter>Source Files</Filter>
    </ClCompile>
    <ClCompile Include="..\src\Subsystems\AeroForceMoment.cpp">
      <Filter>Source Files</Filter>
    </ClCompile>
    <ClCompile Include="..\src\Application\Aircraftmodel.cpp">
      <Filter>Source Files\Aircraftdynamics</Filter>
    </ClCompile>
    <ClCompile Include="..\src\Subsystems\GroundContact.cpp">
      <Filter>Source Files</Filter>
    </ClCompile>
  </ItemGroup>
</Project>